// !$*UTF8*$!
{
	archiveVersion = 1;
	classes = {
	};
	objectVersion = 46;
	objects = {

/* Begin PBXBuildFile section */
		138CA71D1AF831CC00D86F08 /* AppDelegate.m in Sources */ = {isa = PBXBuildFile; fileRef = 138CA71C1AF831CC00D86F08 /* AppDelegate.m */; };
		138CA71F1AF831CC00D86F08 /* main.m in Sources */ = {isa = PBXBuildFile; fileRef = 138CA71E1AF831CC00D86F08 /* main.m */; };
		138CA7211AF831CC00D86F08 /* Images.xcassets in Resources */ = {isa = PBXBuildFile; fileRef = 138CA7201AF831CC00D86F08 /* Images.xcassets */; };
		138CA7241AF831CC00D86F08 /* MainMenu.xib in Resources */ = {isa = PBXBuildFile; fileRef = 138CA7221AF831CC00D86F08 /* MainMenu.xib */; };
		138CA7301AF831CD00D86F08 /* MyAppTests.m in Sources */ = {isa = PBXBuildFile; fileRef = 138CA72F1AF831CD00D86F08 /* MyAppTests.m */; };
		138CA7471AF8339C00D86F08 /* MyAppHelp.help in Resources */ = {isa = PBXBuildFile; fileRef = 138CA73D1AF832B400D86F08 /* MyAppHelp.help */; };
/* End PBXBuildFile section */

/* Begin PBXContainerItemProxy section */
		138CA72A1AF831CD00D86F08 /* PBXContainerItemProxy */ = {
			isa = PBXContainerItemProxy;
			containerPortal = 138CA70E1AF831CC00D86F08 /* Project object */;
			proxyType = 1;
			remoteGlobalIDString = 138CA7151AF831CC00D86F08;
			remoteInfo = MyApp;
		};
		138CA7451AF8339200D86F08 /* PBXContainerItemProxy */ = {
			isa = PBXContainerItemProxy;
			containerPortal = 138CA70E1AF831CC00D86F08 /* Project object */;
			proxyType = 1;
			remoteGlobalIDString = 138CA73C1AF832B400D86F08;
			remoteInfo = MyAppHelp;
		};
/* End PBXContainerItemProxy section */

/* Begin PBXFileReference section */
		138CA7161AF831CC00D86F08 /* MyApp.app */ = {isa = PBXFileReference; explicitFileType = wrapper.application; includeInIndex = 0; path = MyApp.app; sourceTree = BUILT_PRODUCTS_DIR; };
		138CA71A1AF831CC00D86F08 /* Info.plist */ = {isa = PBXFileReference; lastKnownFileType = text.plist.xml; path = Info.plist; sourceTree = "<group>"; };
		138CA71B1AF831CC00D86F08 /* AppDelegate.h */ = {isa = PBXFileReference; lastKnownFileType = sourcecode.c.h; path = AppDelegate.h; sourceTree = "<group>"; };
		138CA71C1AF831CC00D86F08 /* AppDelegate.m */ = {isa = PBXFileReference; lastKnownFileType = sourcecode.c.objc; path = AppDelegate.m; sourceTree = "<group>"; };
		138CA71E1AF831CC00D86F08 /* main.m */ = {isa = PBXFileReference; lastKnownFileType = sourcecode.c.objc; path = main.m; sourceTree = "<group>"; };
		138CA7201AF831CC00D86F08 /* Images.xcassets */ = {isa = PBXFileReference; lastKnownFileType = folder.assetcatalog; path = Images.xcassets; sourceTree = "<group>"; };
		138CA7231AF831CC00D86F08 /* Base */ = {isa = PBXFileReference; lastKnownFileType = file.xib; name = Base; path = Base.lproj/MainMenu.xib; sourceTree = "<group>"; };
		138CA7291AF831CD00D86F08 /* MyAppTests.xctest */ = {isa = PBXFileReference; explicitFileType = wrapper.cfbundle; includeInIndex = 0; path = MyAppTests.xctest; sourceTree = BUILT_PRODUCTS_DIR; };
		138CA72E1AF831CD00D86F08 /* Info.plist */ = {isa = PBXFileReference; lastKnownFileType = text.plist.xml; path = Info.plist; sourceTree = "<group>"; };
		138CA72F1AF831CD00D86F08 /* MyAppTests.m */ = {isa = PBXFileReference; lastKnownFileType = sourcecode.c.objc; path = MyAppTests.m; sourceTree = "<group>"; };
		138CA73D1AF832B400D86F08 /* MyAppHelp.help */ = {isa = PBXFileReference; explicitFileType = wrapper.cfbundle; includeInIndex = 0; path = MyAppHelp.help; sourceTree = BUILT_PRODUCTS_DIR; };
		138CA7401AF832B400D86F08 /* Info.plist */ = {isa = PBXFileReference; lastKnownFileType = text.plist.xml; path = Info.plist; sourceTree = "<group>"; };
		138CA74B1AF83ABB00D86F08 /* _English */ = {isa = PBXFileReference; lastKnownFileType = net.daringfireball.markdown; name = _English; path = index.md; sourceTree = "<group>"; };
		138CA74D1AF83ABB00D86F08 /* _English */ = {isa = PBXFileReference; lastKnownFileType = text.plist.strings; name = _English; path = InfoPlist.strings; sourceTree = "<group>"; };
		138CA74F1AF83ABB00D86F08 /* _English */ = {isa = PBXFileReference; lastKnownFileType = net.daringfireball.markdown; name = _English; path = keyboard.md; sourceTree = "<group>"; };
		138CA7511AF83ABB00D86F08 /* _English */ = {isa = PBXFileReference; lastKnownFileType = net.daringfireball.markdown; name = _English; path = overview.md; sourceTree = "<group>"; };
		138CA7531AF83ABB00D86F08 /* _English */ = {isa = PBXFileReference; lastKnownFileType = image.png; name = _English; path = overview.png; sourceTree = "<group>"; };
		138CA7551AF83ABB00D86F08 /* _English */ = {isa = PBXFileReference; lastKnownFileType = text.xml; name = _English; path = overview.svg; sourceTree = "<group>"; };
		138CA7571AF83ABB00D86F08 /* _English */ = {isa = PBXFileReference; lastKnownFileType = image.png; name = _English; path = screenshot.png; sourceTree = "<group>"; };
		138CA7591AF83ABB00D86F08 /* _English */ = {isa = PBXFileReference; lastKnownFileType = net.daringfireball.markdown; name = _English; path = "topic-1.md"; sourceTree = "<group>"; };
		138CA75B1AF83ABB00D86F08 /* _English */ = {isa = PBXFileReference; lastKnownFileType = net.daringfireball.markdown; name = _English; path = "topic-2.md"; sourceTree = "<group>"; };
		138CA75D1AF83ABB00D86F08 /* _English */ = {isa = PBXFileReference; lastKnownFileType = net.daringfireball.markdown; name = _English; path = "topic-3.md"; sourceTree = "<group>"; };
/* End PBXFileReference section */

/* Begin PBXFrameworksBuildPhase section */
		138CA7131AF831CC00D86F08 /* Frameworks */ = {
			isa = PBXFrameworksBuildPhase;
			buildActionMask = 2147483647;
			files = (
			);
			runOnlyForDeploymentPostprocessing = 0;
		};
		138CA7261AF831CD00D86F08 /* Frameworks */ = {
			isa = PBXFrameworksBuildPhase;
			buildActionMask = 2147483647;
			files = (
			);
			runOnlyForDeploymentPostprocessing = 0;
		};
		138CA73A1AF832B400D86F08 /* Frameworks */ = {
			isa = PBXFrameworksBuildPhase;
			buildActionMask = 2147483647;
			files = (
			);
			runOnlyForDeploymentPostprocessing = 0;
		};
/* End PBXFrameworksBuildPhase section */

/* Begin PBXGroup section */
		138CA70D1AF831CC00D86F08 = {
			isa = PBXGroup;
			children = (
				138CA7181AF831CC00D86F08 /* MyApp */,
				138CA72C1AF831CD00D86F08 /* MyAppTests */,
				138CA73E1AF832B400D86F08 /* MyAppHelp */,
				138CA7171AF831CC00D86F08 /* Products */,
			);
			sourceTree = "<group>";
		};
		138CA7171AF831CC00D86F08 /* Products */ = {
			isa = PBXGroup;
			children = (
				138CA7161AF831CC00D86F08 /* MyApp.app */,
				138CA7291AF831CD00D86F08 /* MyAppTests.xctest */,
				138CA73D1AF832B400D86F08 /* MyAppHelp.help */,
			);
			name = Products;
			sourceTree = "<group>";
		};
		138CA7181AF831CC00D86F08 /* MyApp */ = {
			isa = PBXGroup;
			children = (
				138CA71B1AF831CC00D86F08 /* AppDelegate.h */,
				138CA71C1AF831CC00D86F08 /* AppDelegate.m */,
				138CA7201AF831CC00D86F08 /* Images.xcassets */,
				138CA7221AF831CC00D86F08 /* MainMenu.xib */,
				138CA7191AF831CC00D86F08 /* Supporting Files */,
			);
			path = MyApp;
			sourceTree = "<group>";
		};
		138CA7191AF831CC00D86F08 /* Supporting Files */ = {
			isa = PBXGroup;
			children = (
				138CA71A1AF831CC00D86F08 /* Info.plist */,
				138CA71E1AF831CC00D86F08 /* main.m */,
			);
			name = "Supporting Files";
			sourceTree = "<group>";
		};
		138CA72C1AF831CD00D86F08 /* MyAppTests */ = {
			isa = PBXGroup;
			children = (
				138CA72F1AF831CD00D86F08 /* MyAppTests.m */,
				138CA72D1AF831CD00D86F08 /* Supporting Files */,
			);
			path = MyAppTests;
			sourceTree = "<group>";
		};
		138CA72D1AF831CD00D86F08 /* Supporting Files */ = {
			isa = PBXGroup;
			children = (
				138CA72E1AF831CD00D86F08 /* Info.plist */,
			);
			name = "Supporting Files";
			sourceTree = "<group>";
		};
		138CA73E1AF832B400D86F08 /* MyAppHelp */ = {
			isa = PBXGroup;
			children = (
				138CA7491AF83ABB00D86F08 /* _English.lproj */,
				138CA73F1AF832B400D86F08 /* Supporting Files */,
			);
			path = MyAppHelp;
			sourceTree = "<group>";
		};
		138CA73F1AF832B400D86F08 /* Supporting Files */ = {
			isa = PBXGroup;
			children = (
				138CA7401AF832B400D86F08 /* Info.plist */,
			);
			name = "Supporting Files";
			sourceTree = "<group>";
		};
		138CA7491AF83ABB00D86F08 /* _English.lproj */ = {
			isa = PBXGroup;
			children = (
				138CA74A1AF83ABB00D86F08 /* index.md */,
				138CA74C1AF83ABB00D86F08 /* InfoPlist.strings */,
				138CA74E1AF83ABB00D86F08 /* keyboard.md */,
				138CA7501AF83ABB00D86F08 /* overview.md */,
				138CA7521AF83ABB00D86F08 /* overview.png */,
				138CA7541AF83ABB00D86F08 /* overview.svg */,
				138CA7561AF83ABB00D86F08 /* screenshot.png */,
				138CA7581AF83ABB00D86F08 /* topic-1.md */,
				138CA75A1AF83ABB00D86F08 /* topic-2.md */,
				138CA75C1AF83ABB00D86F08 /* topic-3.md */,
			);
			path = _English.lproj;
			sourceTree = "<group>";
		};
/* End PBXGroup section */

/* Begin PBXNativeTarget section */
		138CA7151AF831CC00D86F08 /* MyApp */ = {
			isa = PBXNativeTarget;
			buildConfigurationList = 138CA7331AF831CD00D86F08 /* Build configuration list for PBXNativeTarget "MyApp" */;
			buildPhases = (
				138CA7121AF831CC00D86F08 /* Sources */,
				138CA7131AF831CC00D86F08 /* Frameworks */,
				138CA7141AF831CC00D86F08 /* Resources */,
			);
			buildRules = (
			);
			dependencies = (
				138CA7461AF8339200D86F08 /* PBXTargetDependency */,
			);
			name = MyApp;
			productName = MyApp;
			productReference = 138CA7161AF831CC00D86F08 /* MyApp.app */;
			productType = "com.apple.product-type.application";
		};
		138CA7281AF831CD00D86F08 /* MyAppTests */ = {
			isa = PBXNativeTarget;
			buildConfigurationList = 138CA7361AF831CD00D86F08 /* Build configuration list for PBXNativeTarget "MyAppTests" */;
			buildPhases = (
				138CA7251AF831CD00D86F08 /* Sources */,
				138CA7261AF831CD00D86F08 /* Frameworks */,
				138CA7271AF831CD00D86F08 /* Resources */,
			);
			buildRules = (
			);
			dependencies = (
				138CA72B1AF831CD00D86F08 /* PBXTargetDependency */,
			);
			name = MyAppTests;
			productName = MyAppTests;
			productReference = 138CA7291AF831CD00D86F08 /* MyAppTests.xctest */;
			productType = "com.apple.product-type.bundle.unit-test";
		};
		138CA73C1AF832B400D86F08 /* MyAppHelp */ = {
			isa = PBXNativeTarget;
			buildConfigurationList = 138CA7411AF832B400D86F08 /* Build configuration list for PBXNativeTarget "MyAppHelp" */;
			buildPhases = (
				138CA7391AF832B400D86F08 /* Sources */,
				138CA73A1AF832B400D86F08 /* Frameworks */,
				138CA73B1AF832B400D86F08 /* Resources */,
				138CA7441AF8336E00D86F08 /* ShellScript */,
			);
			buildRules = (
			);
			dependencies = (
			);
			name = MyAppHelp;
			productName = MyAppHelp;
			productReference = 138CA73D1AF832B400D86F08 /* MyAppHelp.help */;
			productType = "com.apple.product-type.bundle";
		};
/* End PBXNativeTarget section */

/* Begin PBXProject section */
		138CA70E1AF831CC00D86F08 /* Project object */ = {
			isa = PBXProject;
			attributes = {
				LastUpgradeCheck = 0720;
				ORGANIZATIONNAME = "Example Co.";
				TargetAttributes = {
					138CA7151AF831CC00D86F08 = {
						CreatedOnToolsVersion = 6.3.1;
					};
					138CA7281AF831CD00D86F08 = {
						CreatedOnToolsVersion = 6.3.1;
						TestTargetID = 138CA7151AF831CC00D86F08;
					};
					138CA73C1AF832B400D86F08 = {
						CreatedOnToolsVersion = 6.3.1;
					};
				};
			};
			buildConfigurationList = 138CA7111AF831CC00D86F08 /* Build configuration list for PBXProject "MyApp" */;
			compatibilityVersion = "Xcode 3.2";
			developmentRegion = English;
			hasScannedForEncodings = 0;
			knownRegions = (
				en,
				Base,
				_English,
			);
			mainGroup = 138CA70D1AF831CC00D86F08;
			productRefGroup = 138CA7171AF831CC00D86F08 /* Products */;
			projectDirPath = "";
			projectRoot = "";
			targets = (
				138CA7151AF831CC00D86F08 /* MyApp */,
				138CA7281AF831CD00D86F08 /* MyAppTests */,
				138CA73C1AF832B400D86F08 /* MyAppHelp */,
			);
		};
/* End PBXProject section */

/* Begin PBXResourcesBuildPhase section */
		138CA7141AF831CC00D86F08 /* Resources */ = {
			isa = PBXResourcesBuildPhase;
			buildActionMask = 2147483647;
			files = (
				138CA7211AF831CC00D86F08 /* Images.xcassets in Resources */,
				138CA7241AF831CC00D86F08 /* MainMenu.xib in Resources */,
				138CA7471AF8339C00D86F08 /* MyAppHelp.help in Resources */,
			);
			runOnlyForDeploymentPostprocessing = 0;
		};
		138CA7271AF831CD00D86F08 /* Resources */ = {
			isa = PBXResourcesBuildPhase;
			buildActionMask = 2147483647;
			files = (
			);
			runOnlyForDeploymentPostprocessing = 0;
		};
		138CA73B1AF832B400D86F08 /* Resources */ = {
			isa = PBXResourcesBuildPhase;
			buildActionMask = 2147483647;
			files = (
			);
			runOnlyForDeploymentPostprocessing = 0;
		};
/* End PBXResourcesBuildPhase section */

/* Begin PBXShellScriptBuildPhase section */
		138CA7441AF8336E00D86F08 /* ShellScript */ = {
			isa = PBXShellScriptBuildPhase;
			buildActionMask = 2147483647;
			files = (
			);
			inputPaths = (
			);
			outputPaths = (
			);
			runOnlyForDeploymentPostprocessing = 0;
			shellPath = /bin/sh;
			shellScript = "/usr/bin/make -C \"$(dirname \"$PRODUCT_SETTINGS_PATH\")\"";
			showEnvVarsInLog = 0;
		};
/* End PBXShellScriptBuildPhase section */

/* Begin PBXSourcesBuildPhase section */
		138CA7121AF831CC00D86F08 /* Sources */ = {
			isa = PBXSourcesBuildPhase;
			buildActionMask = 2147483647;
			files = (
				138CA71F1AF831CC00D86F08 /* main.m in Sources */,
				138CA71D1AF831CC00D86F08 /* AppDelegate.m in Sources */,
			);
			runOnlyForDeploymentPostprocessing = 0;
		};
		138CA7251AF831CD00D86F08 /* Sources */ = {
			isa = PBXSourcesBuildPhase;
			buildActionMask = 2147483647;
			files = (
				138CA7301AF831CD00D86F08 /* MyAppTests.m in Sources */,
			);
			runOnlyForDeploymentPostprocessing = 0;
		};
		138CA7391AF832B400D86F08 /* Sources */ = {
			isa = PBXSourcesBuildPhase;
			buildActionMask = 2147483647;
			files = (
			);
			runOnlyForDeploymentPostprocessing = 0;
		};
/* End PBXSourcesBuildPhase section */

/* Begin PBXTargetDependency section */
		138CA72B1AF831CD00D86F08 /* PBXTargetDependency */ = {
			isa = PBXTargetDependency;
			target = 138CA7151AF831CC00D86F08 /* MyApp */;
			targetProxy = 138CA72A1AF831CD00D86F08 /* PBXContainerItemProxy */;
		};
		138CA7461AF8339200D86F08 /* PBXTargetDependency */ = {
			isa = PBXTargetDependency;
			target = 138CA73C1AF832B400D86F08 /* MyAppHelp */;
			targetProxy = 138CA7451AF8339200D86F08 /* PBXContainerItemProxy */;
		};
/* End PBXTargetDependency section */

/* Begin PBXVariantGroup section */
		138CA7221AF831CC00D86F08 /* MainMenu.xib */ = {
			isa = PBXVariantGroup;
			children = (
				138CA7231AF831CC00D86F08 /* Base */,
			);
			name = MainMenu.xib;
			sourceTree = "<group>";
		};
		138CA74A1AF83ABB00D86F08 /* index.md */ = {
			isa = PBXVariantGroup;
			children = (
				138CA74B1AF83ABB00D86F08 /* _English */,
			);
			name = index.md;
			sourceTree = "<group>";
		};
		138CA74C1AF83ABB00D86F08 /* InfoPlist.strings */ = {
			isa = PBXVariantGroup;
			children = (
				138CA74D1AF83ABB00D86F08 /* _English */,
			);
			name = InfoPlist.strings;
			sourceTree = "<group>";
		};
		138CA74E1AF83ABB00D86F08 /* keyboard.md */ = {
			isa = PBXVariantGroup;
			children = (
				138CA74F1AF83ABB00D86F08 /* _English */,
			);
			name = keyboard.md;
			sourceTree = "<group>";
		};
		138CA7501AF83ABB00D86F08 /* overview.md */ = {
			isa = PBXVariantGroup;
			children = (
				138CA7511AF83ABB00D86F08 /* _English */,
			);
			name = overview.md;
			sourceTree = "<group>";
		};
		138CA7521AF83ABB00D86F08 /* overview.png */ = {
			isa = PBXVariantGroup;
			children = (
				138CA7531AF83ABB00D86F08 /* _English */,
			);
			name = overview.png;
			sourceTree = "<group>";
		};
		138CA7541AF83ABB00D86F08 /* overview.svg */ = {
			isa = PBXVariantGroup;
			children = (
				138CA7551AF83ABB00D86F08 /* _English */,
			);
			name = overview.svg;
			sourceTree = "<group>";
		};
		138CA7561AF83ABB00D86F08 /* screenshot.png */ = {
			isa = PBXVariantGroup;
			children = (
				138CA7571AF83ABB00D86F08 /* _English */,
			);
			name = screenshot.png;
			sourceTree = "<group>";
		};
		138CA7581AF83ABB00D86F08 /* topic-1.md */ = {
			isa = PBXVariantGroup;
			children = (
				138CA7591AF83ABB00D86F08 /* _English */,
			);
			name = "topic-1.md";
			sourceTree = "<group>";
		};
		138CA75A1AF83ABB00D86F08 /* topic-2.md */ = {
			isa = PBXVariantGroup;
			children = (
				138CA75B1AF83ABB00D86F08 /* _English */,
			);
			name = "topic-2.md";
			sourceTree = "<group>";
		};
		138CA75C1AF83ABB00D86F08 /* topic-3.md */ = {
			isa = PBXVariantGroup;
			children = (
				138CA75D1AF83ABB00D86F08 /* _English */,
			);
			name = "topic-3.md";
			sourceTree = "<group>";
		};
/* End PBXVariantGroup section */

/* Begin XCBuildConfiguration section */
		138CA7311AF831CD00D86F08 /* Debug */ = {
			isa = XCBuildConfiguration;
			buildSettings = {
				ALWAYS_SEARCH_USER_PATHS = NO;
				CLANG_CXX_LANGUAGE_STANDARD = "gnu++0x";
				CLANG_CXX_LIBRARY = "libc++";
				CLANG_ENABLE_MODULES = YES;
				CLANG_ENABLE_OBJC_ARC = YES;
				CLANG_WARN_BOOL_CONVERSION = YES;
				CLANG_WARN_CONSTANT_CONVERSION = YES;
				CLANG_WARN_DIRECT_OBJC_ISA_USAGE = YES_ERROR;
				CLANG_WARN_EMPTY_BODY = YES;
				CLANG_WARN_ENUM_CONVERSION = YES;
				CLANG_WARN_INT_CONVERSION = YES;
				CLANG_WARN_OBJC_ROOT_CLASS = YES_ERROR;
				CLANG_WARN_UNREACHABLE_CODE = YES;
				CLANG_WARN__DUPLICATE_METHOD_MATCH = YES;
				CODE_SIGN_IDENTITY = "-";
				COPY_PHASE_STRIP = NO;
				DEBUG_INFORMATION_FORMAT = dwarf;
				ENABLE_STRICT_OBJC_MSGSEND = YES;
				ENABLE_TESTABILITY = YES;
				GCC_C_LANGUAGE_STANDARD = gnu99;
				GCC_DYNAMIC_NO_PIC = NO;
				GCC_NO_COMMON_BLOCKS = YES;
				GCC_OPTIMIZATION_LEVEL = 0;
				GCC_PREPROCESSOR_DEFINITIONS = (
					"DEBUG=1",
					"$(inherited)",
				);
				GCC_SYMBOLS_PRIVATE_EXTERN = NO;
				GCC_WARN_64_TO_32_BIT_CONVERSION = YES;
				GCC_WARN_ABOUT_RETURN_TYPE = YES_ERROR;
				GCC_WARN_UNDECLARED_SELECTOR = YES;
				GCC_WARN_UNINITIALIZED_AUTOS = YES_AGGRESSIVE;
				GCC_WARN_UNUSED_FUNCTION = YES;
				GCC_WARN_UNUSED_VARIABLE = YES;
				MACOSX_DEPLOYMENT_TARGET = 10.10;
				MTL_ENABLE_DEBUG_INFO = YES;
				ONLY_ACTIVE_ARCH = YES;
				SDKROOT = macosx;
			};
			name = Debug;
		};
		138CA7321AF831CD00D86F08 /* Release */ = {
			isa = XCBuildConfiguration;
			buildSettings = {
				ALWAYS_SEARCH_USER_PATHS = NO;
				CLANG_CXX_LANGUAGE_STANDARD = "gnu++0x";
				CLANG_CXX_LIBRARY = "libc++";
				CLANG_ENABLE_MODULES = YES;
				CLANG_ENABLE_OBJC_ARC = YES;
				CLANG_WARN_BOOL_CONVERSION = YES;
				CLANG_WARN_CONSTANT_CONVERSION = YES;
				CLANG_WARN_DIRECT_OBJC_ISA_USAGE = YES_ERROR;
				CLANG_WARN_EMPTY_BODY = YES;
				CLANG_WARN_ENUM_CONVERSION = YES;
				CLANG_WARN_INT_CONVERSION = YES;
				CLANG_WARN_OBJC_ROOT_CLASS = YES_ERROR;
				CLANG_WARN_UNREACHABLE_CODE = YES;
				CLANG_WARN__DUPLICATE_METHOD_MATCH = YES;
				CODE_SIGN_IDENTITY = "-";
				COPY_PHASE_STRIP = NO;
				DEBUG_INFORMATION_FORMAT = "dwarf-with-dsym";
				ENABLE_NS_ASSERTIONS = NO;
				ENABLE_STRICT_OBJC_MSGSEND = YES;
				GCC_C_LANGUAGE_STANDARD = gnu99;
				GCC_NO_COMMON_BLOCKS = YES;
				GCC_WARN_64_TO_32_BIT_CONVERSION = YES;
				GCC_WARN_ABOUT_RETURN_TYPE = YES_ERROR;
				GCC_WARN_UNDECLARED_SELECTOR = YES;
				GCC_WARN_UNINITIALIZED_AUTOS = YES_AGGRESSIVE;
				GCC_WARN_UNUSED_FUNCTION = YES;
				GCC_WARN_UNUSED_VARIABLE = YES;
				MACOSX_DEPLOYMENT_TARGET = 10.10;
				MTL_ENABLE_DEBUG_INFO = NO;
				SDKROOT = macosx;
			};
			name = Release;
		};
		138CA7341AF831CD00D86F08 /* Debug */ = {
			isa = XCBuildConfiguration;
			buildSettings = {
				ASSETCATALOG_COMPILER_APPICON_NAME = AppIcon;
				COMBINE_HIDPI_IMAGES = YES;
				INFOPLIST_FILE = MyApp/Info.plist;
				LD_RUNPATH_SEARCH_PATHS = "$(inherited) @executable_path/../Frameworks";
				PRODUCT_BUNDLE_IDENTIFIER = "com.example.$(PRODUCT_NAME:rfc1034identifier)";
				PRODUCT_NAME = "$(TARGET_NAME)";
			};
			name = Debug;
		};
		138CA7351AF831CD00D86F08 /* Release */ = {
			isa = XCBuildConfiguration;
			buildSettings = {
				ASSETCATALOG_COMPILER_APPICON_NAME = AppIcon;
				COMBINE_HIDPI_IMAGES = YES;
				INFOPLIST_FILE = MyApp/Info.plist;
				LD_RUNPATH_SEARCH_PATHS = "$(inherited) @executable_path/../Frameworks";
				PRODUCT_BUNDLE_IDENTIFIER = "com.example.$(PRODUCT_NAME:rfc1034identifier)";
				PRODUCT_NAME = "$(TARGET_NAME)";
			};
			name = Release;
		};
		138CA7371AF831CD00D86F08 /* Debug */ = {
			isa = XCBuildConfiguration;
			buildSettings = {
				BUNDLE_LOADER = "$(TEST_HOST)";
				COMBINE_HIDPI_IMAGES = YES;
				FRAMEWORK_SEARCH_PATHS = (
					"$(DEVELOPER_FRAMEWORKS_DIR)",
					"$(inherited)",
				);
				GCC_PREPROCESSOR_DEFINITIONS = (
					"DEBUG=1",
					"$(inherited)",
				);
				INFOPLIST_FILE = MyAppTests/Info.plist;
				LD_RUNPATH_SEARCH_PATHS = "$(inherited) @executable_path/../Frameworks @loader_path/../Frameworks";
				PRODUCT_BUNDLE_IDENTIFIER = "com.example.$(PRODUCT_NAME:rfc1034identifier)";
				PRODUCT_NAME = "$(TARGET_NAME)";
				TEST_HOST = "$(BUILT_PRODUCTS_DIR)/MyApp.app/Contents/MacOS/MyApp";
			};
			name = Debug;
		};
		138CA7381AF831CD00D86F08 /* Release */ = {
			isa = XCBuildConfiguration;
			buildSettings = {
				BUNDLE_LOADER = "$(TEST_HOST)";
				COMBINE_HIDPI_IMAGES = YES;
				FRAMEWORK_SEARCH_PATHS = (
					"$(DEVELOPER_FRAMEWORKS_DIR)",
					"$(inherited)",
				);
				INFOPLIST_FILE = MyAppTests/Info.plist;
				LD_RUNPATH_SEARCH_PATHS = "$(inherited) @executable_path/../Frameworks @loader_path/../Frameworks";
				PRODUCT_BUNDLE_IDENTIFIER = "com.example.$(PRODUCT_NAME:rfc1034identifier)";
				PRODUCT_NAME = "$(TARGET_NAME)";
				TEST_HOST = "$(BUILT_PRODUCTS_DIR)/MyApp.app/Contents/MacOS/MyApp";
			};
			name = Release;
		};
		138CA7421AF832B400D86F08 /* Debug */ = {
			isa = XCBuildConfiguration;
			buildSettings = {
				COMBINE_HIDPI_IMAGES = YES;
				GCC_PREPROCESSOR_DEFINITIONS = (
					"DEBUG=1",
					"$(inherited)",
				);
				INFOPLIST_FILE = MyAppHelp/Info.plist;
				INSTALL_PATH = "$(LOCAL_LIBRARY_DIR)/Bundles";
				PRODUCT_BUNDLE_IDENTIFIER = "com.example.$(PROJECT_NAME:rfc1034identifier).help";
				PRODUCT_NAME = "$(TARGET_NAME)";
				SKIP_INSTALL = YES;
				WRAPPER_EXTENSION = help;
			};
			name = Debug;
		};
		138CA7431AF832B400D86F08 /* Release */ = {
			isa = XCBuildConfiguration;
			buildSettings = {
				COMBINE_HIDPI_IMAGES = YES;
				INFOPLIST_FILE = MyAppHelp/Info.plist;
				INSTALL_PATH = "$(LOCAL_LIBRARY_DIR)/Bundles";
				PRODUCT_BUNDLE_IDENTIFIER = "com.example.$(PROJECT_NAME:rfc1034identifier).help";
				PRODUCT_NAME = "$(TARGET_NAME)";
				SKIP_INSTALL = YES;
				WRAPPER_EXTENSION = help;
			};
			name = Release;
		};
/* End XCBuildConfiguration section */

/* Begin XCConfigurationList section */
		138CA7111AF831CC00D86F08 /* Build configuration list for PBXProject "MyApp" */ = {
			isa = XCConfigurationList;
			buildConfigurations = (
				138CA7311AF831CD00D86F08 /* Debug */,
				138CA7321AF831CD00D86F08 /* Release */,
			);
			defaultConfigurationIsVisible = 0;
			defaultConfigurationName = Release;
		};
		138CA7331AF831CD00D86F08 /* Build configuration list for PBXNativeTarget "MyApp" */ = {
			isa = XCConfigurationList;
			buildConfigurations = (
				138CA7341AF831CD00D86F08 /* Debug */,
				138CA7351AF831CD00D86F08 /* Release */,
			);
			defaultConfigurationIsVisible = 0;
			defaultConfigurationName = Release;
		};
		138CA7361AF831CD00D86F08 /* Build configuration list for PBXNativeTarget "MyAppTests" */ = {
			isa = XCConfigurationList;
			buildConfigurations = (
				138CA7371AF831CD00D86F08 /* Debug */,
				138CA7381AF831CD00D86F08 /* Release */,
			);
			defaultConfigurationIsVisible = 0;
			defaultConfigurationName = Release;
		};
		138CA7411AF832B400D86F08 /* Build configuration list for PBXNativeTarget "MyAppHelp" */ = {
			isa = XCConfigurationList;
			buildConfigurations = (
				138CA7421AF832B400D86F08 /* Debug */,
				138CA7431AF832B400D86F08 /* Release */,
			);
			defaultConfigurationIsVisible = 0;
			defaultConfigurationName = Release;
		};
/* End XCConfigurationList section */
	};
	rootObject = 138CA70E1AF831CC00D86F08 /* Project object */;
}
